
Microsoft Visual Studio Solution File, Format Version 12.00
# Visual Studio Version 17
VisualStudioVersion = 17.4.33213.308
MinimumVisualStudioVersion = 10.0.40219.1
Project("{9A19103F-16F7-4668-BE54-9A1E7A4F7556}") = "Lab2.Web", "Lab2.Web\Lab2.Web.csproj", "{82F93A1E-FFD1-4514-B333-D443F44513D3}"
EndProject
Project("{9A19103F-16F7-4668-BE54-9A1E7A4F7556}") = "Lab2.Worker", "Lab2.Worker\Lab2.Worker.csproj", "{D63B1DFC-9760-4284-8285-E269EFE6035A}"
EndProject
Project("{9A19103F-16F7-4668-BE54-9A1E7A4F7556}") = "Lab2.Entities", "Lab2.Entities\Lab2.Entities.csproj", "{E8EB1459-A468-44C3-9CE6-5158DD9177DB}"
EndProject
Project("{2150E333-8FDC-42A3-9474-1A3956D46DE8}") = "Solution Items", "Solution Items", "{F499FBEE-CE18-4301-9049-8D770EB221C1}"
	ProjectSection(SolutionItems) = preProject
		docker-compose.yml = docker-compose.yml
	EndProjectSection
EndProject
Global
	GlobalSection(SolutionConfigurationPlatforms) = preSolution
		Debug|Any CPU = Debug|Any CPU
		Release|Any CPU = Release|Any CPU
	EndGlobalSection
	GlobalSection(ProjectConfigurationPlatforms) = postSolution
		{82F93A1E-FFD1-4514-B333-D443F44513D3}.Debug|Any CPU.ActiveCfg = Debug|Any CPU
		{82F93A1E-FFD1-4514-B333-D443F44513D3}.Debug|Any CPU.Build.0 = Debug|Any CPU
		{82F93A1E-FFD1-4514-B333-D443F44513D3}.Release|Any CPU.ActiveCfg = Release|Any CPU
		{82F93A1E-FFD1-4514-B333-D443F44513D3}.Release|Any CPU.Build.0 = Release|Any CPU
		{D63B1DFC-9760-4284-8285-E269EFE6035A}.Debug|Any CPU.ActiveCfg = Debug|Any CPU
		{D63B1DFC-9760-4284-8285-E269EFE6035A}.Debug|Any CPU.Build.0 = Debug|Any CPU
		{D63B1DFC-9760-4284-8285-E269EFE6035A}.Release|Any CPU.ActiveCfg = Release|Any CPU
		{D63B1DFC-9760-4284-8285-E269EFE6035A}.Release|Any CPU.Build.0 = Release|Any CPU
		{E8EB1459-A468-44C3-9CE6-5158DD9177DB}.Debug|Any CPU.ActiveCfg = Debug|Any CPU
		{E8EB1459-A468-44C3-9CE6-5158DD9177DB}.Debug|Any CPU.Build.0 = Debug|Any CPU
		{E8EB1459-A468-44C3-9CE6-5158DD9177DB}.Release|Any CPU.ActiveCfg = Release|Any CPU
		{E8EB1459-A468-44C3-9CE6-5158DD9177DB}.Release|Any CPU.Build.0 = Release|Any CPU
	EndGlobalSection
	GlobalSection(SolutionProperties) = preSolution
		HideSolutionNode = FALSE
	EndGlobalSection
	GlobalSection(ExtensibilityGlobals) = postSolution
		SolutionGuid = {DBF60132-0017-4275-B619-6EAA92C2B7B2}
	EndGlobalSection
EndGlobal
